// !$*UTF8*$!
{
	archiveVersion = 1;
	classes = {
	};
	objectVersion = 46;
	objects = {

/* Begin PBXBuildFile section */
		2D5B83371C928ACF00021B1E /* UIButton+Extension.m in Sources */ = {isa = PBXBuildFile; fileRef = 2D5B83321C928ACF00021B1E /* UIButton+Extension.m */; };
		2D5B83381C928ACF00021B1E /* UIImage+ImageCut.m in Sources */ = {isa = PBXBuildFile; fileRef = 2D5B83341C928ACF00021B1E /* UIImage+ImageCut.m */; };
		2D5B83391C928ACF00021B1E /* UIImageView+Extension.m in Sources */ = {isa = PBXBuildFile; fileRef = 2D5B83361C928ACF00021B1E /* UIImageView+Extension.m */; };
		2D5B835B1C928AFE00021B1E /* LICENSE in Resources */ = {isa = PBXBuildFile; fileRef = 2D5B833B1C928AFE00021B1E /* LICENSE */; };
		2D5B835C1C928AFE00021B1E /* README.md in Sources */ = {isa = PBXBuildFile; fileRef = 2D5B833C1C928AFE00021B1E /* README.md */; };
		2D5B835D1C928AFE00021B1E /* NSData+ImageContentType.m in Sources */ = {isa = PBXBuildFile; fileRef = 2D5B833F1C928AFE00021B1E /* NSData+ImageContentType.m */; };
		2D5B835E1C928AFE00021B1E /* SDImageCache.m in Sources */ = {isa = PBXBuildFile; fileRef = 2D5B83411C928AFE00021B1E /* SDImageCache.m */; };
		2D5B835F1C928AFE00021B1E /* SDWebImageCompat.m in Sources */ = {isa = PBXBuildFile; fileRef = 2D5B83431C928AFE00021B1E /* SDWebImageCompat.m */; };
		2D5B83601C928AFE00021B1E /* SDWebImageDecoder.m in Sources */ = {isa = PBXBuildFile; fileRef = 2D5B83451C928AFE00021B1E /* SDWebImageDecoder.m */; };
		2D5B83611C928AFE00021B1E /* SDWebImageDownloader.m in Sources */ = {isa = PBXBuildFile; fileRef = 2D5B83471C928AFE00021B1E /* SDWebImageDownloader.m */; };
		2D5B83621C928AFE00021B1E /* SDWebImageDownloaderOperation.m in Sources */ = {isa = PBXBuildFile; fileRef = 2D5B83491C928AFE00021B1E /* SDWebImageDownloaderOperation.m */; };
		2D5B83631C928AFE00021B1E /* SDWebImageManager.m in Sources */ = {isa = PBXBuildFile; fileRef = 2D5B834B1C928AFE00021B1E /* SDWebImageManager.m */; };
		2D5B83641C928AFE00021B1E /* SDWebImagePrefetcher.m in Sources */ = {isa = PBXBuildFile; fileRef = 2D5B834E1C928AFE00021B1E /* SDWebImagePrefetcher.m */; };
		2D5B83651C928AFE00021B1E /* UIButton+WebCache.m in Sources */ = {isa = PBXBuildFile; fileRef = 2D5B83501C928AFE00021B1E /* UIButton+WebCache.m */; };
		2D5B83661C928AFE00021B1E /* UIImage+GIF.m in Sources */ = {isa = PBXBuildFile; fileRef = 2D5B83521C928AFE00021B1E /* UIImage+GIF.m */; };
		2D5B83671C928AFE00021B1E /* UIImage+MultiFormat.m in Sources */ = {isa = PBXBuildFile; fileRef = 2D5B83541C928AFE00021B1E /* UIImage+MultiFormat.m */; };
		2D5B83681C928AFE00021B1E /* UIImageView+HighlightedWebCache.m in Sources */ = {isa = PBXBuildFile; fileRef = 2D5B83561C928AFE00021B1E /* UIImageView+HighlightedWebCache.m */; };
		2D5B83691C928AFE00021B1E /* UIImageView+WebCache.m in Sources */ = {isa = PBXBuildFile; fileRef = 2D5B83581C928AFE00021B1E /* UIImageView+WebCache.m */; };
		2D5B836A1C928AFE00021B1E /* UIView+WebCacheOperation.m in Sources */ = {isa = PBXBuildFile; fileRef = 2D5B835A1C928AFE00021B1E /* UIView+WebCacheOperation.m */; };
		2D5B836C1C928BBF00021B1E /* huluw.png in Resources */ = {isa = PBXBuildFile; fileRef = 2D5B836B1C928BBF00021B1E /* huluw.png */; };
		66786E601C9D9FA400E0CE95 /* CYRoundTableViewCell.m in Sources */ = {isa = PBXBuildFile; fileRef = 66786E5F1C9D9FA400E0CE95 /* CYRoundTableViewCell.m */; };
		66EC74581C82E5C200FFA916 /* main.m in Sources */ = {isa = PBXBuildFile; fileRef = 66EC74571C82E5C200FFA916 /* main.m */; };
		66EC745B1C82E5C200FFA916 /* AppDelegate.m in Sources */ = {isa = PBXBuildFile; fileRef = 66EC745A1C82E5C200FFA916 /* AppDelegate.m */; };
		66EC745E1C82E5C200FFA916 /* ViewController.m in Sources */ = {isa = PBXBuildFile; fileRef = 66EC745D1C82E5C200FFA916 /* ViewController.m */; };
		66EC74611C82E5C200FFA916 /* Main.storyboard in Resources */ = {isa = PBXBuildFile; fileRef = 66EC745F1C82E5C200FFA916 /* Main.storyboard */; };
		66EC74631C82E5C200FFA916 /* Assets.xcassets in Resources */ = {isa = PBXBuildFile; fileRef = 66EC74621C82E5C200FFA916 /* Assets.xcassets */; };
		66EC74661C82E5C200FFA916 /* LaunchScreen.storyboard in Resources */ = {isa = PBXBuildFile; fileRef = 66EC74641C82E5C200FFA916 /* LaunchScreen.storyboard */; };
		66EC74711C82E5C200FFA916 /* CYWebImageTests.m in Sources */ = {isa = PBXBuildFile; fileRef = 66EC74701C82E5C200FFA916 /* CYWebImageTests.m */; };
		66EC747C1C82E5C200FFA916 /* CYWebImageUITests.m in Sources */ = {isa = PBXBuildFile; fileRef = 66EC747B1C82E5C200FFA916 /* CYWebImageUITests.m */; };
		66EC748C1C82E6DA00FFA916 /* CYTableViewCell.m in Sources */ = {isa = PBXBuildFile; fileRef = 66EC748A1C82E6DA00FFA916 /* CYTableViewCell.m */; };
		66EC748D1C82E6DA00FFA916 /* CYTableViewCell.xib in Resources */ = {isa = PBXBuildFile; fileRef = 66EC748B1C82E6DA00FFA916 /* CYTableViewCell.xib */; };
		66EC748F1C82EAC900FFA916 /* url.plist in Resources */ = {isa = PBXBuildFile; fileRef = 66EC748E1C82EAC900FFA916 /* url.plist */; };
		66EC749E1C82EAF900FFA916 /* CYDownloadManager.m in Sources */ = {isa = PBXBuildFile; fileRef = 66EC74921C82EAF900FFA916 /* CYDownloadManager.m */; };
		66EC749F1C82EAF900FFA916 /* CYDownloadOperation.m in Sources */ = {isa = PBXBuildFile; fileRef = 66EC74941C82EAF900FFA916 /* CYDownloadOperation.m */; };
		66EC74A01C82EAF900FFA916 /* CYImageCache.m in Sources */ = {isa = PBXBuildFile; fileRef = 66EC74961C82EAF900FFA916 /* CYImageCache.m */; };
		66EC74A21C82EAF900FFA916 /* NSString+CYMD5.m in Sources */ = {isa = PBXBuildFile; fileRef = 66EC749B1C82EAF900FFA916 /* NSString+CYMD5.m */; };
		66EC74A31C82EAF900FFA916 /* UIImageView+CYImageViewCache.m in Sources */ = {isa = PBXBuildFile; fileRef = 66EC749D1C82EAF900FFA916 /* UIImageView+CYImageViewCache.m */; };
/* End PBXBuildFile section */

/* Begin PBXContainerItemProxy section */
		66EC746D1C82E5C200FFA916 /* PBXContainerItemProxy */ = {
			isa = PBXContainerItemProxy;
			containerPortal = 66EC744B1C82E5C200FFA916 /* Project object */;
			proxyType = 1;
			remoteGlobalIDString = 66EC74521C82E5C200FFA916;
			remoteInfo = CYWebImage;
		};
		66EC74781C82E5C200FFA916 /* PBXContainerItemProxy */ = {
			isa = PBXContainerItemProxy;
			containerPortal = 66EC744B1C82E5C200FFA916 /* Project object */;
			proxyType = 1;
			remoteGlobalIDString = 66EC74521C82E5C200FFA916;
			remoteInfo = CYWebImage;
		};
/* End PBXContainerItemProxy section */

/* Begin PBXFileReference section */
		2D5B83311C928ACF00021B1E /* UIButton+Extension.h */ = {isa = PBXFileReference; fileEncoding = 4; lastKnownFileType = sourcecode.c.h; path = "UIButton+Extension.h"; sourceTree = "<group>"; };
		2D5B83321C928ACF00021B1E /* UIButton+Extension.m */ = {isa = PBXFileReference; fileEncoding = 4; lastKnownFileType = sourcecode.c.objc; path = "UIButton+Extension.m"; sourceTree = "<group>"; };
		2D5B83331C928ACF00021B1E /* UIImage+ImageCut.h */ = {isa = PBXFileReference; fileEncoding = 4; lastKnownFileType = sourcecode.c.h; path = "UIImage+ImageCut.h"; sourceTree = "<group>"; };
		2D5B83341C928ACF00021B1E /* UIImage+ImageCut.m */ = {isa = PBXFileReference; fileEncoding = 4; lastKnownFileType = sourcecode.c.objc; path = "UIImage+ImageCut.m"; sourceTree = "<group>"; };
		2D5B83351C928ACF00021B1E /* UIImageView+Extension.h */ = {isa = PBXFileReference; fileEncoding = 4; lastKnownFileType = sourcecode.c.h; path = "UIImageView+Extension.h"; sourceTree = "<group>"; };
		2D5B83361C928ACF00021B1E /* UIImageView+Extension.m */ = {isa = PBXFileReference; fileEncoding = 4; lastKnownFileType = sourcecode.c.objc; path = "UIImageView+Extension.m"; sourceTree = "<group>"; };
		2D5B833B1C928AFE00021B1E /* LICENSE */ = {isa = PBXFileReference; fileEncoding = 4; lastKnownFileType = text; path = LICENSE; sourceTree = "<group>"; };
		2D5B833C1C928AFE00021B1E /* README.md */ = {isa = PBXFileReference; fileEncoding = 4; lastKnownFileType = net.daringfireball.markdown; path = README.md; sourceTree = "<group>"; };
		2D5B833E1C928AFE00021B1E /* NSData+ImageContentType.h */ = {isa = PBXFileReference; fileEncoding = 4; lastKnownFileType = sourcecode.c.h; path = "NSData+ImageContentType.h"; sourceTree = "<group>"; };
		2D5B833F1C928AFE00021B1E /* NSData+ImageContentType.m */ = {isa = PBXFileReference; fileEncoding = 4; lastKnownFileType = sourcecode.c.objc; path = "NSData+ImageContentType.m"; sourceTree = "<group>"; };
		2D5B83401C928AFE00021B1E /* SDImageCache.h */ = {isa = PBXFileReference; fileEncoding = 4; lastKnownFileType = sourcecode.c.h; path = SDImageCache.h; sourceTree = "<group>"; };
		2D5B83411C928AFE00021B1E /* SDImageCache.m */ = {isa = PBXFileReference; fileEncoding = 4; lastKnownFileType = sourcecode.c.objc; path = SDImageCache.m; sourceTree = "<group>"; };
		2D5B83421C928AFE00021B1E /* SDWebImageCompat.h */ = {isa = PBXFileReference; fileEncoding = 4; lastKnownFileType = sourcecode.c.h; path = SDWebImageCompat.h; sourceTree = "<group>"; };
		2D5B83431C928AFE00021B1E /* SDWebImageCompat.m */ = {isa = PBXFileReference; fileEncoding = 4; lastKnownFileType = sourcecode.c.objc; path = SDWebImageCompat.m; sourceTree = "<group>"; };
		2D5B83441C928AFE00021B1E /* SDWebImageDecoder.h */ = {isa = PBXFileReference; fileEncoding = 4; lastKnownFileType = sourcecode.c.h; path = SDWebImageDecoder.h; sourceTree = "<group>"; };
		2D5B83451C928AFE00021B1E /* SDWebImageDecoder.m */ = {isa = PBXFileReference; fileEncoding = 4; lastKnownFileType = sourcecode.c.objc; path = SDWebImageDecoder.m; sourceTree = "<group>"; };
		2D5B83461C928AFE00021B1E /* SDWebImageDownloader.h */ = {isa = PBXFileReference; fileEncoding = 4; lastKnownFileType = sourcecode.c.h; path = SDWebImageDownloader.h; sourceTree = "<group>"; };
		2D5B83471C928AFE00021B1E /* SDWebImageDownloader.m */ = {isa = PBXFileReference; fileEncoding = 4; lastKnownFileType = sourcecode.c.objc; path = SDWebImageDownloader.m; sourceTree = "<group>"; };
		2D5B83481C928AFE00021B1E /* SDWebImageDownloaderOperation.h */ = {isa = PBXFileReference; fileEncoding = 4; lastKnownFileType = sourcecode.c.h; path = SDWebImageDownloaderOperation.h; sourceTree = "<group>"; };
		2D5B83491C928AFE00021B1E /* SDWebImageDownloaderOperation.m */ = {isa = PBXFileReference; fileEncoding = 4; lastKnownFileType = sourcecode.c.objc; path = SDWebImageDownloaderOperation.m; sourceTree = "<group>"; };
		2D5B834A1C928AFE00021B1E /* SDWebImageManager.h */ = {isa = PBXFileReference; fileEncoding = 4; lastKnownFileType = sourcecode.c.h; path = SDWebImageManager.h; sourceTree = "<group>"; };
		2D5B834B1C928AFE00021B1E /* SDWebImageManager.m */ = {isa = PBXFileReference; fileEncoding = 4; lastKnownFileType = sourcecode.c.objc; path = SDWebImageManager.m; sourceTree = "<group>"; };
		2D5B834C1C928AFE00021B1E /* SDWebImageOperation.h */ = {isa = PBXFileReference; fileEncoding = 4; lastKnownFileType = sourcecode.c.h; path = SDWebImageOperation.h; sourceTree = "<group>"; };
		2D5B834D1C928AFE00021B1E /* SDWebImagePrefetcher.h */ = {isa = PBXFileReference; fileEncoding = 4; lastKnownFileType = sourcecode.c.h; path = SDWebImagePrefetcher.h; sourceTree = "<group>"; };
		2D5B834E1C928AFE00021B1E /* SDWebImagePrefetcher.m */ = {isa = PBXFileReference; fileEncoding = 4; lastKnownFileType = sourcecode.c.objc; path = SDWebImagePrefetcher.m; sourceTree = "<group>"; };
		2D5B834F1C928AFE00021B1E /* UIButton+WebCache.h */ = {isa = PBXFileReference; fileEncoding = 4; lastKnownFileType = sourcecode.c.h; path = "UIButton+WebCache.h"; sourceTree = "<group>"; };
		2D5B83501C928AFE00021B1E /* UIButton+WebCache.m */ = {isa = PBXFileReference; fileEncoding = 4; lastKnownFileType = sourcecode.c.objc; path = "UIButton+WebCache.m"; sourceTree = "<group>"; };
		2D5B83511C928AFE00021B1E /* UIImage+GIF.h */ = {isa = PBXFileReference; fileEncoding = 4; lastKnownFileType = sourcecode.c.h; path = "UIImage+GIF.h"; sourceTree = "<group>"; };
		2D5B83521C928AFE00021B1E /* UIImage+GIF.m */ = {isa = PBXFileReference; fileEncoding = 4; lastKnownFileType = sourcecode.c.objc; path = "UIImage+GIF.m"; sourceTree = "<group>"; };
		2D5B83531C928AFE00021B1E /* UIImage+MultiFormat.h */ = {isa = PBXFileReference; fileEncoding = 4; lastKnownFileType = sourcecode.c.h; path = "UIImage+MultiFormat.h"; sourceTree = "<group>"; };
		2D5B83541C928AFE00021B1E /* UIImage+MultiFormat.m */ = {isa = PBXFileReference; fileEncoding = 4; lastKnownFileType = sourcecode.c.objc; path = "UIImage+MultiFormat.m"; sourceTree = "<group>"; };
		2D5B83551C928AFE00021B1E /* UIImageView+HighlightedWebCache.h */ = {isa = PBXFileReference; fileEncoding = 4; lastKnownFileType = sourcecode.c.h; path = "UIImageView+HighlightedWebCache.h"; sourceTree = "<group>"; };
		2D5B83561C928AFE00021B1E /* UIImageView+HighlightedWebCache.m */ = {isa = PBXFileReference; fileEncoding = 4; lastKnownFileType = sourcecode.c.objc; path = "UIImageView+HighlightedWebCache.m"; sourceTree = "<group>"; };
		2D5B83571C928AFE00021B1E /* UIImageView+WebCache.h */ = {isa = PBXFileReference; fileEncoding = 4; lastKnownFileType = sourcecode.c.h; path = "UIImageView+WebCache.h"; sourceTree = "<group>"; };
		2D5B83581C928AFE00021B1E /* UIImageView+WebCache.m */ = {isa = PBXFileReference; fileEncoding = 4; lastKnownFileType = sourcecode.c.objc; path = "UIImageView+WebCache.m"; sourceTree = "<group>"; };
		2D5B83591C928AFE00021B1E /* UIView+WebCacheOperation.h */ = {isa = PBXFileReference; fileEncoding = 4; lastKnownFileType = sourcecode.c.h; path = "UIView+WebCacheOperation.h"; sourceTree = "<group>"; };
		2D5B835A1C928AFE00021B1E /* UIView+WebCacheOperation.m */ = {isa = PBXFileReference; fileEncoding = 4; lastKnownFileType = sourcecode.c.objc; path = "UIView+WebCacheOperation.m"; sourceTree = "<group>"; };
		2D5B836B1C928BBF00021B1E /* huluw.png */ = {isa = PBXFileReference; lastKnownFileType = image.png; path = huluw.png; sourceTree = "<group>"; };
		66786E5E1C9D9FA400E0CE95 /* CYRoundTableViewCell.h */ = {isa = PBXFileReference; fileEncoding = 4; lastKnownFileType = sourcecode.c.h; path = CYRoundTableViewCell.h; sourceTree = "<group>"; };
		66786E5F1C9D9FA400E0CE95 /* CYRoundTableViewCell.m */ = {isa = PBXFileReference; fileEncoding = 4; lastKnownFileType = sourcecode.c.objc; path = CYRoundTableViewCell.m; sourceTree = "<group>"; };
		66EC74531C82E5C200FFA916 /* CYWebImage.app */ = {isa = PBXFileReference; explicitFileType = wrapper.application; includeInIndex = 0; path = CYWebImage.app; sourceTree = BUILT_PRODUCTS_DIR; };
		66EC74571C82E5C200FFA916 /* main.m */ = {isa = PBXFileReference; lastKnownFileType = sourcecode.c.objc; path = main.m; sourceTree = "<group>"; };
		66EC74591C82E5C200FFA916 /* AppDelegate.h */ = {isa = PBXFileReference; lastKnownFileType = sourcecode.c.h; path = AppDelegate.h; sourceTree = "<group>"; };
		66EC745A1C82E5C200FFA916 /* AppDelegate.m */ = {isa = PBXFileReference; lastKnownFileType = sourcecode.c.objc; path = AppDelegate.m; sourceTree = "<group>"; };
		66EC745C1C82E5C200FFA916 /* ViewController.h */ = {isa = PBXFileReference; lastKnownFileType = sourcecode.c.h; path = ViewController.h; sourceTree = "<group>"; };
		66EC745D1C82E5C200FFA916 /* ViewController.m */ = {isa = PBXFileReference; lastKnownFileType = sourcecode.c.objc; path = ViewController.m; sourceTree = "<group>"; };
		66EC74601C82E5C200FFA916 /* Base */ = {isa = PBXFileReference; lastKnownFileType = file.storyboard; name = Base; path = Base.lproj/Main.storyboard; sourceTree = "<group>"; };
		66EC74621C82E5C200FFA916 /* Assets.xcassets */ = {isa = PBXFileReference; lastKnownFileType = folder.assetcatalog; path = Assets.xcassets; sourceTree = "<group>"; };
		66EC74651C82E5C200FFA916 /* Base */ = {isa = PBXFileReference; lastKnownFileType = file.storyboard; name = Base; path = Base.lproj/LaunchScreen.storyboard; sourceTree = "<group>"; };
		66EC74671C82E5C200FFA916 /* Info.plist */ = {isa = PBXFileReference; lastKnownFileType = text.plist.xml; path = Info.plist; sourceTree = "<group>"; };
		66EC746C1C82E5C200FFA916 /* CYWebImageTests.xctest */ = {isa = PBXFileReference; explicitFileType = wrapper.cfbundle; includeInIndex = 0; path = CYWebImageTests.xctest; sourceTree = BUILT_PRODUCTS_DIR; };
		66EC74701C82E5C200FFA916 /* CYWebImageTests.m */ = {isa = PBXFileReference; lastKnownFileType = sourcecode.c.objc; path = CYWebImageTests.m; sourceTree = "<group>"; };
		66EC74721C82E5C200FFA916 /* Info.plist */ = {isa = PBXFileReference; lastKnownFileType = text.plist.xml; path = Info.plist; sourceTree = "<group>"; };
		66EC74771C82E5C200FFA916 /* CYWebImageUITests.xctest */ = {isa = PBXFileReference; explicitFileType = wrapper.cfbundle; includeInIndex = 0; path = CYWebImageUITests.xctest; sourceTree = BUILT_PRODUCTS_DIR; };
		66EC747B1C82E5C200FFA916 /* CYWebImageUITests.m */ = {isa = PBXFileReference; lastKnownFileType = sourcecode.c.objc; path = CYWebImageUITests.m; sourceTree = "<group>"; };
		66EC747D1C82E5C200FFA916 /* Info.plist */ = {isa = PBXFileReference; lastKnownFileType = text.plist.xml; path = Info.plist; sourceTree = "<group>"; };
		66EC74891C82E6DA00FFA916 /* CYTableViewCell.h */ = {isa = PBXFileReference; fileEncoding = 4; lastKnownFileType = sourcecode.c.h; path = CYTableViewCell.h; sourceTree = "<group>"; };
		66EC748A1C82E6DA00FFA916 /* CYTableViewCell.m */ = {isa = PBXFileReference; fileEncoding = 4; lastKnownFileType = sourcecode.c.objc; path = CYTableViewCell.m; sourceTree = "<group>"; };
		66EC748B1C82E6DA00FFA916 /* CYTableViewCell.xib */ = {isa = PBXFileReference; fileEncoding = 4; lastKnownFileType = file.xib; path = CYTableViewCell.xib; sourceTree = "<group>"; };
		66EC748E1C82EAC900FFA916 /* url.plist */ = {isa = PBXFileReference; fileEncoding = 4; lastKnownFileType = text.plist.xml; path = url.plist; sourceTree = "<group>"; };
		66EC74911C82EAF900FFA916 /* CYDownloadManager.h */ = {isa = PBXFileReference; fileEncoding = 4; lastKnownFileType = sourcecode.c.h; path = CYDownloadManager.h; sourceTree = "<group>"; };
		66EC74921C82EAF900FFA916 /* CYDownloadManager.m */ = {isa = PBXFileReference; fileEncoding = 4; lastKnownFileType = sourcecode.c.objc; path = CYDownloadManager.m; sourceTree = "<group>"; };
		66EC74931C82EAF900FFA916 /* CYDownloadOperation.h */ = {isa = PBXFileReference; fileEncoding = 4; lastKnownFileType = sourcecode.c.h; path = CYDownloadOperation.h; sourceTree = "<group>"; };
		66EC74941C82EAF900FFA916 /* CYDownloadOperation.m */ = {isa = PBXFileReference; fileEncoding = 4; lastKnownFileType = sourcecode.c.objc; path = CYDownloadOperation.m; sourceTree = "<group>"; };
		66EC74951C82EAF900FFA916 /* CYImageCache.h */ = {isa = PBXFileReference; fileEncoding = 4; lastKnownFileType = sourcecode.c.h; path = CYImageCache.h; sourceTree = "<group>"; };
		66EC74961C82EAF900FFA916 /* CYImageCache.m */ = {isa = PBXFileReference; fileEncoding = 4; lastKnownFileType = sourcecode.c.objc; path = CYImageCache.m; sourceTree = "<group>"; };
		66EC74991C82EAF900FFA916 /* CYWebImageDefine.h */ = {isa = PBXFileReference; fileEncoding = 4; lastKnownFileType = sourcecode.c.h; path = CYWebImageDefine.h; sourceTree = "<group>"; };
		66EC749A1C82EAF900FFA916 /* NSString+CYMD5.h */ = {isa = PBXFileReference; fileEncoding = 4; lastKnownFileType = sourcecode.c.h; path = "NSString+CYMD5.h"; sourceTree = "<group>"; };
		66EC749B1C82EAF900FFA916 /* NSString+CYMD5.m */ = {isa = PBXFileReference; fileEncoding = 4; lastKnownFileType = sourcecode.c.objc; path = "NSString+CYMD5.m"; sourceTree = "<group>"; };
		66EC749C1C82EAF900FFA916 /* UIImageView+CYImageViewCache.h */ = {isa = PBXFileReference; fileEncoding = 4; lastKnownFileType = sourcecode.c.h; path = "UIImageView+CYImageViewCache.h"; sourceTree = "<group>"; };
		66EC749D1C82EAF900FFA916 /* UIImageView+CYImageViewCache.m */ = {isa = PBXFileReference; fileEncoding = 4; lastKnownFileType = sourcecode.c.objc; path = "UIImageView+CYImageViewCache.m"; sourceTree = "<group>"; };
/* End PBXFileReference section */

/* Begin PBXFrameworksBuildPhase section */
		66EC74501C82E5C200FFA916 /* Frameworks */ = {
			isa = PBXFrameworksBuildPhase;
			buildActionMask = 2147483647;
			files = (
			);
			runOnlyForDeploymentPostprocessing = 0;
		};
		66EC74691C82E5C200FFA916 /* Frameworks */ = {
			isa = PBXFrameworksBuildPhase;
			buildActionMask = 2147483647;
			files = (
			);
			runOnlyForDeploymentPostprocessing = 0;
		};
		66EC74741C82E5C200FFA916 /* Frameworks */ = {
			isa = PBXFrameworksBuildPhase;
			buildActionMask = 2147483647;
			files = (
			);
			runOnlyForDeploymentPostprocessing = 0;
		};
/* End PBXFrameworksBuildPhase section */

/* Begin PBXGroup section */
		2D5B83301C928AC600021B1E /* Category */ = {
			isa = PBXGroup;
			children = (
				2D5B83311C928ACF00021B1E /* UIButton+Extension.h */,
				2D5B83321C928ACF00021B1E /* UIButton+Extension.m */,
				2D5B83331C928ACF00021B1E /* UIImage+ImageCut.h */,
				2D5B83341C928ACF00021B1E /* UIImage+ImageCut.m */,
				2D5B83351C928ACF00021B1E /* UIImageView+Extension.h */,
				2D5B83361C928ACF00021B1E /* UIImageView+Extension.m */,
			);
			path = Category;
			sourceTree = "<group>";
		};
		2D5B833A1C928AFE00021B1E /* SDWebImage */ = {
			isa = PBXGroup;
			children = (
				2D5B833B1C928AFE00021B1E /* LICENSE */,
				2D5B833C1C928AFE00021B1E /* README.md */,
				2D5B833D1C928AFE00021B1E /* SDWebImage */,
			);
			path = SDWebImage;
			sourceTree = "<group>";
		};
		2D5B833D1C928AFE00021B1E /* SDWebImage */ = {
			isa = PBXGroup;
			children = (
				2D5B833E1C928AFE00021B1E /* NSData+ImageContentType.h */,
				2D5B833F1C928AFE00021B1E /* NSData+ImageContentType.m */,
				2D5B83401C928AFE00021B1E /* SDImageCache.h */,
				2D5B83411C928AFE00021B1E /* SDImageCache.m */,
				2D5B83421C928AFE00021B1E /* SDWebImageCompat.h */,
				2D5B83431C928AFE00021B1E /* SDWebImageCompat.m */,
				2D5B83441C928AFE00021B1E /* SDWebImageDecoder.h */,
				2D5B83451C928AFE00021B1E /* SDWebImageDecoder.m */,
				2D5B83461C928AFE00021B1E /* SDWebImageDownloader.h */,
				2D5B83471C928AFE00021B1E /* SDWebImageDownloader.m */,
				2D5B83481C928AFE00021B1E /* SDWebImageDownloaderOperation.h */,
				2D5B83491C928AFE00021B1E /* SDWebImageDownloaderOperation.m */,
				2D5B834A1C928AFE00021B1E /* SDWebImageManager.h */,
				2D5B834B1C928AFE00021B1E /* SDWebImageManager.m */,
				2D5B834C1C928AFE00021B1E /* SDWebImageOperation.h */,
				2D5B834D1C928AFE00021B1E /* SDWebImagePrefetcher.h */,
				2D5B834E1C928AFE00021B1E /* SDWebImagePrefetcher.m */,
				2D5B834F1C928AFE00021B1E /* UIButton+WebCache.h */,
				2D5B83501C928AFE00021B1E /* UIButton+WebCache.m */,
				2D5B83511C928AFE00021B1E /* UIImage+GIF.h */,
				2D5B83521C928AFE00021B1E /* UIImage+GIF.m */,
				2D5B83531C928AFE00021B1E /* UIImage+MultiFormat.h */,
				2D5B83541C928AFE00021B1E /* UIImage+MultiFormat.m */,
				2D5B83551C928AFE00021B1E /* UIImageView+HighlightedWebCache.h */,
				2D5B83561C928AFE00021B1E /* UIImageView+HighlightedWebCache.m */,
				2D5B83571C928AFE00021B1E /* UIImageView+WebCache.h */,
				2D5B83581C928AFE00021B1E /* UIImageView+WebCache.m */,
				2D5B83591C928AFE00021B1E /* UIView+WebCacheOperation.h */,
				2D5B835A1C928AFE00021B1E /* UIView+WebCacheOperation.m */,
			);
			path = SDWebImage;
			sourceTree = "<group>";
		};
		66EC744A1C82E5C200FFA916 = {
			isa = PBXGroup;
			children = (
				66EC74551C82E5C200FFA916 /* CYWebImage */,
				66EC746F1C82E5C200FFA916 /* CYWebImageTests */,
				66EC747A1C82E5C200FFA916 /* CYWebImageUITests */,
				66EC74541C82E5C200FFA916 /* Products */,
			);
			sourceTree = "<group>";
		};
		66EC74541C82E5C200FFA916 /* Products */ = {
			isa = PBXGroup;
			children = (
				66EC74531C82E5C200FFA916 /* CYWebImage.app */,
				66EC746C1C82E5C200FFA916 /* CYWebImageTests.xctest */,
				66EC74771C82E5C200FFA916 /* CYWebImageUITests.xctest */,
			);
			name = Products;
			sourceTree = "<group>";
		};
		66EC74551C82E5C200FFA916 /* CYWebImage */ = {
			isa = PBXGroup;
			children = (
				2D5B836B1C928BBF00021B1E /* huluw.png */,
				2D5B833A1C928AFE00021B1E /* SDWebImage */,
				2D5B83301C928AC600021B1E /* Category */,
				66EC74901C82EAF900FFA916 /* CYWebImage */,
				66EC748E1C82EAC900FFA916 /* url.plist */,
				66EC74591C82E5C200FFA916 /* AppDelegate.h */,
				66EC745A1C82E5C200FFA916 /* AppDelegate.m */,
				66EC745C1C82E5C200FFA916 /* ViewController.h */,
				66EC745D1C82E5C200FFA916 /* ViewController.m */,
				66EC74891C82E6DA00FFA916 /* CYTableViewCell.h */,
				66EC748A1C82E6DA00FFA916 /* CYTableViewCell.m */,
				66EC748B1C82E6DA00FFA916 /* CYTableViewCell.xib */,
				66786E5E1C9D9FA400E0CE95 /* CYRoundTableViewCell.h */,
				66786E5F1C9D9FA400E0CE95 /* CYRoundTableViewCell.m */,
				66EC745F1C82E5C200FFA916 /* Main.storyboard */,
				66EC74621C82E5C200FFA916 /* Assets.xcassets */,
				66EC74641C82E5C200FFA916 /* LaunchScreen.storyboard */,
				66EC74671C82E5C200FFA916 /* Info.plist */,
				66EC74561C82E5C200FFA916 /* Supporting Files */,
			);
			path = CYWebImage;
			sourceTree = "<group>";
		};
		66EC74561C82E5C200FFA916 /* Supporting Files */ = {
			isa = PBXGroup;
			children = (
				66EC74571C82E5C200FFA916 /* main.m */,
			);
			name = "Supporting Files";
			sourceTree = "<group>";
		};
		66EC746F1C82E5C200FFA916 /* CYWebImageTests */ = {
			isa = PBXGroup;
			children = (
				66EC74701C82E5C200FFA916 /* CYWebImageTests.m */,
				66EC74721C82E5C200FFA916 /* Info.plist */,
			);
			path = CYWebImageTests;
			sourceTree = "<group>";
		};
		66EC747A1C82E5C200FFA916 /* CYWebImageUITests */ = {
			isa = PBXGroup;
			children = (
				66EC747B1C82E5C200FFA916 /* CYWebImageUITests.m */,
				66EC747D1C82E5C200FFA916 /* Info.plist */,
			);
			path = CYWebImageUITests;
			sourceTree = "<group>";
		};
		66EC74901C82EAF900FFA916 /* CYWebImage */ = {
			isa = PBXGroup;
			children = (
				66EC74991C82EAF900FFA916 /* CYWebImageDefine.h */,
				66EC74951C82EAF900FFA916 /* CYImageCache.h */,
				66EC74961C82EAF900FFA916 /* CYImageCache.m */,
				66EC749A1C82EAF900FFA916 /* NSString+CYMD5.h */,
				66EC749B1C82EAF900FFA916 /* NSString+CYMD5.m */,
				66EC74911C82EAF900FFA916 /* CYDownloadManager.h */,
				66EC74921C82EAF900FFA916 /* CYDownloadManager.m */,
				66EC74931C82EAF900FFA916 /* CYDownloadOperation.h */,
				66EC74941C82EAF900FFA916 /* CYDownloadOperation.m */,
				66EC749C1C82EAF900FFA916 /* UIImageView+CYImageViewCache.h */,
				66EC749D1C82EAF900FFA916 /* UIImageView+CYImageViewCache.m */,
			);
			path = CYWebImage;
			sourceTree = "<group>";
		};
/* End PBXGroup section */

/* Begin PBXNativeTarget section */
		66EC74521C82E5C200FFA916 /* CYWebImage */ = {
			isa = PBXNativeTarget;
			buildConfigurationList = 66EC74801C82E5C200FFA916 /* Build configuration list for PBXNativeTarget "CYWebImage" */;
			buildPhases = (
				66EC744F1C82E5C200FFA916 /* Sources */,
				66EC74501C82E5C200FFA916 /* Frameworks */,
				66EC74511C82E5C200FFA916 /* Resources */,
			);
			buildRules = (
			);
			dependencies = (
			);
			name = CYWebImage;
			productName = CYWebImage;
			productReference = 66EC74531C82E5C200FFA916 /* CYWebImage.app */;
			productType = "com.apple.product-type.application";
		};
		66EC746B1C82E5C200FFA916 /* CYWebImageTests */ = {
			isa = PBXNativeTarget;
			buildConfigurationList = 66EC74831C82E5C200FFA916 /* Build configuration list for PBXNativeTarget "CYWebImageTests" */;
			buildPhases = (
				66EC74681C82E5C200FFA916 /* Sources */,
				66EC74691C82E5C200FFA916 /* Frameworks */,
				66EC746A1C82E5C200FFA916 /* Resources */,
			);
			buildRules = (
			);
			dependencies = (
				66EC746E1C82E5C200FFA916 /* PBXTargetDependency */,
			);
			name = CYWebImageTests;
			productName = CYWebImageTests;
			productReference = 66EC746C1C82E5C200FFA916 /* CYWebImageTests.xctest */;
			productType = "com.apple.product-type.bundle.unit-test";
		};
		66EC74761C82E5C200FFA916 /* CYWebImageUITests */ = {
			isa = PBXNativeTarget;
			buildConfigurationList = 66EC74861C82E5C200FFA916 /* Build configuration list for PBXNativeTarget "CYWebImageUITests" */;
			buildPhases = (
				66EC74731C82E5C200FFA916 /* Sources */,
				66EC74741C82E5C200FFA916 /* Frameworks */,
				66EC74751C82E5C200FFA916 /* Resources */,
			);
			buildRules = (
			);
			dependencies = (
				66EC74791C82E5C200FFA916 /* PBXTargetDependency */,
			);
			name = CYWebImageUITests;
			productName = CYWebImageUITests;
			productReference = 66EC74771C82E5C200FFA916 /* CYWebImageUITests.xctest */;
			productType = "com.apple.product-type.bundle.ui-testing";
		};
/* End PBXNativeTarget section */

/* Begin PBXProject section */
		66EC744B1C82E5C200FFA916 /* Project object */ = {
			isa = PBXProject;
			attributes = {
				LastUpgradeCheck = 0720;
				ORGANIZATIONNAME = "大兵布莱恩特";
				TargetAttributes = {
					66EC74521C82E5C200FFA916 = {
						CreatedOnToolsVersion = 7.2.1;
						DevelopmentTeam = 7K8MGZG548;
					};
					66EC746B1C82E5C200FFA916 = {
						CreatedOnToolsVersion = 7.2.1;
						TestTargetID = 66EC74521C82E5C200FFA916;
					};
					66EC74761C82E5C200FFA916 = {
						CreatedOnToolsVersion = 7.2.1;
						TestTargetID = 66EC74521C82E5C200FFA916;
					};
				};
			};
			buildConfigurationList = 66EC744E1C82E5C200FFA916 /* Build configuration list for PBXProject "CYWebImage" */;
			compatibilityVersion = "Xcode 3.2";
			developmentRegion = English;
			hasScannedForEncodings = 0;
			knownRegions = (
				en,
				Base,
			);
			mainGroup = 66EC744A1C82E5C200FFA916;
			productRefGroup = 66EC74541C82E5C200FFA916 /* Products */;
			projectDirPath = "";
			projectRoot = "";
			targets = (
				66EC74521C82E5C200FFA916 /* CYWebImage */,
				66EC746B1C82E5C200FFA916 /* CYWebImageTests */,
				66EC74761C82E5C200FFA916 /* CYWebImageUITests */,
			);
		};
/* End PBXProject section */

/* Begin PBXResourcesBuildPhase section */
		66EC74511C82E5C200FFA916 /* Resources */ = {
			isa = PBXResourcesBuildPhase;
			buildActionMask = 2147483647;
			files = (
				2D5B835B1C928AFE00021B1E /* LICENSE in Resources */,
				66EC74661C82E5C200FFA916 /* LaunchScreen.storyboard in Resources */,
				66EC74631C82E5C200FFA916 /* Assets.xcassets in Resources */,
				66EC748F1C82EAC900FFA916 /* url.plist in Resources */,
				66EC74611C82E5C200FFA916 /* Main.storyboard in Resources */,
				2D5B836C1C928BBF00021B1E /* huluw.png in Resources */,
				66EC748D1C82E6DA00FFA916 /* CYTableViewCell.xib in Resources */,
			);
			runOnlyForDeploymentPostprocessing = 0;
		};
		66EC746A1C82E5C200FFA916 /* Resources */ = {
			isa = PBXResourcesBuildPhase;
			buildActionMask = 2147483647;
			files = (
			);
			runOnlyForDeploymentPostprocessing = 0;
		};
		66EC74751C82E5C200FFA916 /* Resources */ = {
			isa = PBXResourcesBuildPhase;
			buildActionMask = 2147483647;
			files = (
			);
			runOnlyForDeploymentPostprocessing = 0;
		};
/* End PBXResourcesBuildPhase section */

/* Begin PBXSourcesBuildPhase section */
		66EC744F1C82E5C200FFA916 /* Sources */ = {
			isa = PBXSourcesBuildPhase;
			buildActionMask = 2147483647;
			files = (
				2D5B83381C928ACF00021B1E /* UIImage+ImageCut.m in Sources */,
				66EC745E1C82E5C200FFA916 /* ViewController.m in Sources */,
				66EC745B1C82E5C200FFA916 /* AppDelegate.m in Sources */,
				66EC74A21C82EAF900FFA916 /* NSString+CYMD5.m in Sources */,
				66EC749E1C82EAF900FFA916 /* CYDownloadManager.m in Sources */,
				66EC74581C82E5C200FFA916 /* main.m in Sources */,
				2D5B83621C928AFE00021B1E /* SDWebImageDownloaderOperation.m in Sources */,
				2D5B83391C928ACF00021B1E /* UIImageView+Extension.m in Sources */,
				2D5B835E1C928AFE00021B1E /* SDImageCache.m in Sources */,
				66EC748C1C82E6DA00FFA916 /* CYTableViewCell.m in Sources */,
				66EC74A31C82EAF900FFA916 /* UIImageView+CYImageViewCache.m in Sources */,
				2D5B83371C928ACF00021B1E /* UIButton+Extension.m in Sources */,
				2D5B83681C928AFE00021B1E /* UIImageView+HighlightedWebCache.m in Sources */,
				2D5B835F1C928AFE00021B1E /* SDWebImageCompat.m in Sources */,
				2D5B835D1C928AFE00021B1E /* NSData+ImageContentType.m in Sources */,
				2D5B835C1C928AFE00021B1E /* README.md in Sources */,
				2D5B83631C928AFE00021B1E /* SDWebImageManager.m in Sources */,
				2D5B83611C928AFE00021B1E /* SDWebImageDownloader.m in Sources */,
				66EC74A01C82EAF900FFA916 /* CYImageCache.m in Sources */,
				2D5B83661C928AFE00021B1E /* UIImage+GIF.m in Sources */,
				66EC749F1C82EAF900FFA916 /* CYDownloadOperation.m in Sources */,
				2D5B83641C928AFE00021B1E /* SDWebImagePrefetcher.m in Sources */,
				2D5B83651C928AFE00021B1E /* UIButton+WebCache.m in Sources */,
				2D5B83691C928AFE00021B1E /* UIImageView+WebCache.m in Sources */,
				66786E601C9D9FA400E0CE95 /* CYRoundTableViewCell.m in Sources */,
				2D5B836A1C928AFE00021B1E /* UIView+WebCacheOperation.m in Sources */,
				2D5B83671C928AFE00021B1E /* UIImage+MultiFormat.m in Sources */,
				2D5B83601C928AFE00021B1E /* SDWebImageDecoder.m in Sources */,
			);
			runOnlyForDeploymentPostprocessing = 0;
		};
		66EC74681C82E5C200FFA916 /* Sources */ = {
			isa = PBXSourcesBuildPhase;
			buildActionMask = 2147483647;
			files = (
				66EC74711C82E5C200FFA916 /* CYWebImageTests.m in Sources */,
			);
			runOnlyForDeploymentPostprocessing = 0;
		};
		66EC74731C82E5C200FFA916 /* Sources */ = {
			isa = PBXSourcesBuildPhase;
			buildActionMask = 2147483647;
			files = (
				66EC747C1C82E5C200FFA916 /* CYWebImageUITests.m in Sources */,
			);
			runOnlyForDeploymentPostprocessing = 0;
		};
/* End PBXSourcesBuildPhase section */

/* Begin PBXTargetDependency section */
		66EC746E1C82E5C200FFA916 /* PBXTargetDependency */ = {
			isa = PBXTargetDependency;
			target = 66EC74521C82E5C200FFA916 /* CYWebImage */;
			targetProxy = 66EC746D1C82E5C200FFA916 /* PBXContainerItemProxy */;
		};
		66EC74791C82E5C200FFA916 /* PBXTargetDependency */ = {
			isa = PBXTargetDependency;
			target = 66EC74521C82E5C200FFA916 /* CYWebImage */;
			targetProxy = 66EC74781C82E5C200FFA916 /* PBXContainerItemProxy */;
		};
/* End PBXTargetDependency section */

/* Begin PBXVariantGroup section */
		66EC745F1C82E5C200FFA916 /* Main.storyboard */ = {
			isa = PBXVariantGroup;
			children = (
				66EC74601C82E5C200FFA916 /* Base */,
			);
			name = Main.storyboard;
			sourceTree = "<group>";
		};
		66EC74641C82E5C200FFA916 /* LaunchScreen.storyboard */ = {
			isa = PBXVariantGroup;
			children = (
				66EC74651C82E5C200FFA916 /* Base */,
			);
			name = LaunchScreen.storyboard;
			sourceTree = "<group>";
		};
/* End PBXVariantGroup section */

/* Begin XCBuildConfiguration section */
		66EC747E1C82E5C200FFA916 /* Debug */ = {
			isa = XCBuildConfiguration;
			buildSettings = {
				ALWAYS_SEARCH_USER_PATHS = NO;
				CLANG_CXX_LANGUAGE_STANDARD = "gnu++0x";
				CLANG_CXX_LIBRARY = "libc++";
				CLANG_ENABLE_MODULES = YES;
				CLANG_ENABLE_OBJC_ARC = YES;
				CLANG_WARN_BOOL_CONVERSION = YES;
				CLANG_WARN_CONSTANT_CONVERSION = YES;
				CLANG_WARN_DIRECT_OBJC_ISA_USAGE = YES_ERROR;
				CLANG_WARN_EMPTY_BODY = YES;
				CLANG_WARN_ENUM_CONVERSION = YES;
				CLANG_WARN_INT_CONVERSION = YES;
				CLANG_WARN_OBJC_ROOT_CLASS = YES_ERROR;
				CLANG_WARN_UNREACHABLE_CODE = YES;
				CLANG_WARN__DUPLICATE_METHOD_MATCH = YES;
				"CODE_SIGN_IDENTITY[sdk=iphoneos*]" = "iPhone Developer";
				COPY_PHASE_STRIP = NO;
				DEBUG_INFORMATION_FORMAT = dwarf;
				ENABLE_STRICT_OBJC_MSGSEND = YES;
				ENABLE_TESTABILITY = YES;
				GCC_C_LANGUAGE_STANDARD = gnu99;
				GCC_DYNAMIC_NO_PIC = NO;
				GCC_NO_COMMON_BLOCKS = YES;
				GCC_OPTIMIZATION_LEVEL = 0;
				GCC_PREPROCESSOR_DEFINITIONS = (
					"DEBUG=1",
					"$(inherited)",
				);
				GCC_WARN_64_TO_32_BIT_CONVERSION = YES;
				GCC_WARN_ABOUT_RETURN_TYPE = YES_ERROR;
				GCC_WARN_UNDECLARED_SELECTOR = YES;
				GCC_WARN_UNINITIALIZED_AUTOS = YES_AGGRESSIVE;
				GCC_WARN_UNUSED_FUNCTION = YES;
				GCC_WARN_UNUSED_VARIABLE = YES;
				IPHONEOS_DEPLOYMENT_TARGET = 9.2;
				MTL_ENABLE_DEBUG_INFO = YES;
				ONLY_ACTIVE_ARCH = YES;
				SDKROOT = iphoneos;
			};
			name = Debug;
		};
		66EC747F1C82E5C200FFA916 /* Release */ = {
			isa = XCBuildConfiguration;
			buildSettings = {
				ALWAYS_SEARCH_USER_PATHS = NO;
				CLANG_CXX_LANGUAGE_STANDARD = "gnu++0x";
				CLANG_CXX_LIBRARY = "libc++";
				CLANG_ENABLE_MODULES = YES;
				CLANG_ENABLE_OBJC_ARC = YES;
				CLANG_WARN_BOOL_CONVERSION = YES;
				CLANG_WARN_CONSTANT_CONVERSION = YES;
				CLANG_WARN_DIRECT_OBJC_ISA_USAGE = YES_ERROR;
				CLANG_WARN_EMPTY_BODY = YES;
				CLANG_WARN_ENUM_CONVERSION = YES;
				CLANG_WARN_INT_CONVERSION = YES;
				CLANG_WARN_OBJC_ROOT_CLASS = YES_ERROR;
				CLANG_WARN_UNREACHABLE_CODE = YES;
				CLANG_WARN__DUPLICATE_METHOD_MATCH = YES;
				"CODE_SIGN_IDENTITY[sdk=iphoneos*]" = "iPhone Developer";
				COPY_PHASE_STRIP = NO;
				DEBUG_INFORMATION_FORMAT = "dwarf-with-dsym";
				ENABLE_NS_ASSERTIONS = NO;
				ENABLE_STRICT_OBJC_MSGSEND = YES;
				GCC_C_LANGUAGE_STANDARD = gnu99;
				GCC_NO_COMMON_BLOCKS = YES;
				GCC_WARN_64_TO_32_BIT_CONVERSION = YES;
				GCC_WARN_ABOUT_RETURN_TYPE = YES_ERROR;
				GCC_WARN_UNDECLARED_SELECTOR = YES;
				GCC_WARN_UNINITIALIZED_AUTOS = YES_AGGRESSIVE;
				GCC_WARN_UNUSED_FUNCTION = YES;
				GCC_WARN_UNUSED_VARIABLE = YES;
				IPHONEOS_DEPLOYMENT_TARGET = 9.2;
				MTL_ENABLE_DEBUG_INFO = NO;
				SDKROOT = iphoneos;
				VALIDATE_PRODUCT = YES;
			};
			name = Release;
		};
		66EC74811C82E5C200FFA916 /* Debug */ = {
			isa = XCBuildConfiguration;
			buildSettings = {
				ASSETCATALOG_COMPILER_APPICON_NAME = AppIcon;
				CODE_SIGN_IDENTITY = "iPhone Developer";
				INFOPLIST_FILE = CYWebImage/Info.plist;
				LD_RUNPATH_SEARCH_PATHS = "$(inherited) @executable_path/Frameworks";
				PRODUCT_BUNDLE_IDENTIFIER = com.webimage.app.CYWebImage;
				PRODUCT_NAME = "$(TARGET_NAME)";
			};
			name = Debug;
		};
		66EC74821C82E5C200FFA916 /* Release */ = {
			isa = XCBuildConfiguration;
			buildSettings = {
				ASSETCATALOG_COMPILER_APPICON_NAME = AppIcon;
				CODE_SIGN_IDENTITY = "iPhone Developer";
				INFOPLIST_FILE = CYWebImage/Info.plist;
				LD_RUNPATH_SEARCH_PATHS = "$(inherited) @executable_path/Frameworks";
				PRODUCT_BUNDLE_IDENTIFIER = com.webimage.app.CYWebImage;
				PRODUCT_NAME = "$(TARGET_NAME)";
			};
			name = Release;
		};
		66EC74841C82E5C200FFA916 /* Debug */ = {
			isa = XCBuildConfiguration;
			buildSettings = {
				BUNDLE_LOADER = "$(TEST_HOST)";
				INFOPLIST_FILE = CYWebImageTests/Info.plist;
				LD_RUNPATH_SEARCH_PATHS = "$(inherited) @executable_path/Frameworks @loader_path/Frameworks";
				PRODUCT_BUNDLE_IDENTIFIER = com.webimage.app.CYWebImageTests;
				PRODUCT_NAME = "$(TARGET_NAME)";
				TEST_HOST = "$(BUILT_PRODUCTS_DIR)/CYWebImage.app/CYWebImage";
			};
			name = Debug;
		};
		66EC74851C82E5C200FFA916 /* Release */ = {
			isa = XCBuildConfiguration;
			buildSettings = {
				BUNDLE_LOADER = "$(TEST_HOST)";
				INFOPLIST_FILE = CYWebImageTests/Info.plist;
				LD_RUNPATH_SEARCH_PATHS = "$(inherited) @executable_path/Frameworks @loader_path/Frameworks";
				PRODUCT_BUNDLE_IDENTIFIER = com.webimage.app.CYWebImageTests;
				PRODUCT_NAME = "$(TARGET_NAME)";
				TEST_HOST = "$(BUILT_PRODUCTS_DIR)/CYWebImage.app/CYWebImage";
			};
			name = Release;
		};
		66EC74871C82E5C200FFA916 /* Debug */ = {
			isa = XCBuildConfiguration;
			buildSettings = {
				INFOPLIST_FILE = CYWebImageUITests/Info.plist;
				LD_RUNPATH_SEARCH_PATHS = "$(inherited) @executable_path/Frameworks @loader_path/Frameworks";
				PRODUCT_BUNDLE_IDENTIFIER = com.webimage.app.CYWebImageUITests;
				PRODUCT_NAME = "$(TARGET_NAME)";
				TEST_TARGET_NAME = CYWebImage;
				USES_XCTRUNNER = YES;
			};
			name = Debug;
		};
		66EC74881C82E5C200FFA916 /* Release */ = {
			isa = XCBuildConfiguration;
			buildSettings = {
				INFOPLIST_FILE = CYWebImageUITests/Info.plist;
				LD_RUNPATH_SEARCH_PATHS = "$(inherited) @executable_path/Frameworks @loader_path/Frameworks";
				PRODUCT_BUNDLE_IDENTIFIER = com.webimage.app.CYWebImageUITests;
				PRODUCT_NAME = "$(TARGET_NAME)";
				TEST_TARGET_NAME = CYWebImage;
				USES_XCTRUNNER = YES;
			};
			name = Release;
		};
/* End XCBuildConfiguration section */

/* Begin XCConfigurationList section */
		66EC744E1C82E5C200FFA916 /* Build configuration list for PBXProject "CYWebImage" */ = {
			isa = XCConfigurationList;
			buildConfigurations = (
				66EC747E1C82E5C200FFA916 /* Debug */,
				66EC747F1C82E5C200FFA916 /* Release */,
			);
			defaultConfigurationIsVisible = 0;
			defaultConfigurationName = Release;
		};
		66EC74801C82E5C200FFA916 /* Build configuration list for PBXNativeTarget "CYWebImage" */ = {
			isa = XCConfigurationList;
			buildConfigurations = (
				66EC74811C82E5C200FFA916 /* Debug */,
				66EC74821C82E5C200FFA916 /* Release */,
			);
			defaultConfigurationIsVisible = 0;
			defaultConfigurationName = Release;
		};
		66EC74831C82E5C200FFA916 /* Build configuration list for PBXNativeTarget "CYWebImageTests" */ = {
			isa = XCConfigurationList;
			buildConfigurations = (
				66EC74841C82E5C200FFA916 /* Debug */,
				66EC74851C82E5C200FFA916 /* Release */,
			);
			defaultConfigurationIsVisible = 0;
			defaultConfigurationName = Release;
		};
		66EC74861C82E5C200FFA916 /* Build configuration list for PBXNativeTarget "CYWebImageUITests" */ = {
			isa = XCConfigurationList;
			buildConfigurations = (
				66EC74871C82E5C200FFA916 /* Debug */,
				66EC74881C82E5C200FFA916 /* Release */,
			);
			defaultConfigurationIsVisible = 0;
			defaultConfigurationName = Release;
		};
/* End XCConfigurationList section */
	};
	rootObject = 66EC744B1C82E5C200FFA916 /* Project object */;
}
